<?xml version="1.0" encoding="utf-8"?>
<Project ToolsVersion="4.0" xmlns="http://schemas.microsoft.com/developer/msbuild/2003">
  <ItemGroup>
    <Filter Include="Presentation">
      <UniqueIdentifier>{d24f3e45-29b4-413e-8aeb-7a8b7de39dbb}</UniqueIdentifier>
    </Filter>
    <Filter Include="Manager">
      <UniqueIdentifier>{f706229a-e53f-4613-a36e-d777014971e1}</UniqueIdentifier>
    </Filter>
    <Filter Include="GameClass">
      <UniqueIdentifier>{c3334f96-62f5-4b47-a7dd-881d2953400a}</UniqueIdentifier>
    </Filter>
    <Filter Include="Components">
      <UniqueIdentifier>{3d32a544-6aad-4c31-a9fe-265993684270}</UniqueIdentifier>
    </Filter>
  </ItemGroup>
  <ItemGroup>
    <ClCompile Include="D2DApp.cpp">
      <Filter>Presentation</Filter>
    </ClCompile>
    <ClCompile Include="Framework.cpp">
      <Filter>Presentation</Filter>
    </ClCompile>
    <ClCompile Include="WinApp.cpp">
      <Filter>Presentation</Filter>
    </ClCompile>
    <ClCompile Include="main.cpp" />
    <ClCompile Include="Transform.cpp">
      <Filter>Components</Filter>
    </ClCompile>
    <ClCompile Include="Renderer.cpp">
      <Filter>Components</Filter>
    </ClCompile>
    <ClCompile Include="ResourceManager.cpp">
      <Filter>GameClass</Filter>
    </ClCompile>
    <ClCompile Include="Component.cpp">
      <Filter>Components</Filter>
    </ClCompile>
    <ClCompile Include="GameObject.cpp" />
    <ClCompile Include="Scene.cpp" />
  </ItemGroup>
  <ItemGroup>
    <ClInclude Include="WinApp.h">
      <Filter>Presentation</Filter>
    </ClInclude>
    <ClInclude Include="stdafx.h">
      <Filter>Presentation</Filter>
    </ClInclude>
    <ClInclude Include="Framework.h">
      <Filter>Presentation</Filter>
    </ClInclude>
    <ClInclude Include="D2DApp.h">
      <Filter>Presentation</Filter>
    </ClInclude>
    <ClInclude Include="Transform.h">
      <Filter>Components</Filter>
    </ClInclude>
    <ClInclude Include="Renderer.h">
      <Filter>Components</Filter>
    </ClInclude>
    <ClInclude Include="ResourceManager.h">
      <Filter>GameClass</Filter>
    </ClInclude>
    <ClInclude Include="Component.h">
      <Filter>Components</Filter>
    </ClInclude>
    <ClInclude Include="GameObject.h" />
    <ClInclude Include="Scene.h" />
  </ItemGroup>
</Project>